
Microsoft Visual Studio Solution File, Format Version 12.00
# Visual Studio Version 17
VisualStudioVersion = 17.3.32922.545
MinimumVisualStudioVersion = 10.0.40219.1
Project("{FAE04EC0-301F-11D3-BF4B-00C04F79EFBC}") = "AtelierMisaka", "AtelierMisaka\AtelierMisaka.csproj", "{9C311B1D-EE2E-4CD1-A841-0C1DF1BA0573}"
EndProject
Project("{FAE04EC0-301F-11D3-BF4B-00C04F79EFBC}") = "AtelierMisaka_FileManager", "AtelierMisaka_FileManager\AtelierMisaka_FileManager.csproj", "{008D60F1-BBA2-4F94-A03A-59CB8B93BFD3}"
EndProject
Global
	GlobalSection(SolutionConfigurationPlatforms) = preSolution
		Debug|Any CPU = Debug|Any CPU
		Debug|x64 = Debug|x64
		Release|Any CPU = Release|Any CPU
		Release|x64 = Release|x64
	EndGlobalSection
	GlobalSection(ProjectConfigurationPlatforms) = postSolution
		{9C311B1D-EE2E-4CD1-A841-0C1DF1BA0573}.Debug|Any CPU.ActiveCfg = Debug|Any CPU
		{9C311B1D-EE2E-4CD1-A841-0C1DF1BA0573}.Debug|Any CPU.Build.0 = Debug|Any CPU
		{9C311B1D-EE2E-4CD1-A841-0C1DF1BA0573}.Debug|x64.ActiveCfg = Debug|x64
		{9C311B1D-EE2E-4CD1-A841-0C1DF1BA0573}.Debug|x64.Build.0 = Debug|x64
		{9C311B1D-EE2E-4CD1-A841-0C1DF1BA0573}.Release|Any CPU.ActiveCfg = Release|Any CPU
		{9C311B1D-EE2E-4CD1-A841-0C1DF1BA0573}.Release|Any CPU.Build.0 = Release|Any CPU
		{9C311B1D-EE2E-4CD1-A841-0C1DF1BA0573}.Release|x64.ActiveCfg = Release|x64
		{9C311B1D-EE2E-4CD1-A841-0C1DF1BA0573}.Release|x64.Build.0 = Release|x64
		{008D60F1-BBA2-4F94-A03A-59CB8B93BFD3}.Debug|Any CPU.ActiveCfg = Debug|Any CPU
		{008D60F1-BBA2-4F94-A03A-59CB8B93BFD3}.Debug|Any CPU.Build.0 = Debug|Any CPU
		{008D60F1-BBA2-4F94-A03A-59CB8B93BFD3}.Debug|x64.ActiveCfg = Debug|x64
		{008D60F1-BBA2-4F94-A03A-59CB8B93BFD3}.Debug|x64.Build.0 = Debug|x64
		{008D60F1-BBA2-4F94-A03A-59CB8B93BFD3}.Release|Any CPU.ActiveCfg = Release|Any CPU
		{008D60F1-BBA2-4F94-A03A-59CB8B93BFD3}.Release|Any CPU.Build.0 = Release|Any CPU
		{008D60F1-BBA2-4F94-A03A-59CB8B93BFD3}.Release|x64.ActiveCfg = Release|x64
		{008D60F1-BBA2-4F94-A03A-59CB8B93BFD3}.Release|x64.Build.0 = Release|x64
	EndGlobalSection
	GlobalSection(SolutionProperties) = preSolution
		HideSolutionNode = FALSE
	EndGlobalSection
	GlobalSection(ExtensibilityGlobals) = postSolution
		SolutionGuid = {73B78C16-0BA5-4952-9AFE-159A382C8B41}
	EndGlobalSection
EndGlobal
