
Microsoft Visual Studio Solution File, Format Version 12.00
# Visual Studio 15
VisualStudioVersion = 15.0.28307.572
MinimumVisualStudioVersion = 10.0.40219.1
Project("{FAE04EC0-301F-11D3-BF4B-00C04F79EFBC}") = "AtelierMisaka", "AtelierMisaka\AtelierMisaka.csproj", "{9C311B1D-EE2E-4CD1-A841-0C1DF1BA0573}"
EndProject
Global
	GlobalSection(SolutionConfigurationPlatforms) = preSolution
		Debug|Any CPU = Debug|Any CPU
		Debug|x86 = Debug|x86
		Release|Any CPU = Release|Any CPU
		Release|x86 = Release|x86
	EndGlobalSection
	GlobalSection(ProjectConfigurationPlatforms) = postSolution
		{9C311B1D-EE2E-4CD1-A841-0C1DF1BA0573}.Debug|Any CPU.ActiveCfg = Debug|Any CPU
		{9C311B1D-EE2E-4CD1-A841-0C1DF1BA0573}.Debug|Any CPU.Build.0 = Debug|Any CPU
		{9C311B1D-EE2E-4CD1-A841-0C1DF1BA0573}.Debug|x86.ActiveCfg = Debug|x86
		{9C311B1D-EE2E-4CD1-A841-0C1DF1BA0573}.Debug|x86.Build.0 = Debug|x86
		{9C311B1D-EE2E-4CD1-A841-0C1DF1BA0573}.Release|Any CPU.ActiveCfg = Release|Any CPU
		{9C311B1D-EE2E-4CD1-A841-0C1DF1BA0573}.Release|Any CPU.Build.0 = Release|Any CPU
		{9C311B1D-EE2E-4CD1-A841-0C1DF1BA0573}.Release|x86.ActiveCfg = Release|x86
		{9C311B1D-EE2E-4CD1-A841-0C1DF1BA0573}.Release|x86.Build.0 = Release|x86
	EndGlobalSection
	GlobalSection(SolutionProperties) = preSolution
		HideSolutionNode = FALSE
	EndGlobalSection
	GlobalSection(ExtensibilityGlobals) = postSolution
		SolutionGuid = {73B78C16-0BA5-4952-9AFE-159A382C8B41}
	EndGlobalSection
EndGlobal
